
Microsoft Visual Studio Solution File, Format Version 12.00
# Visual Studio Version 16
VisualStudioVersion = 16.0.31911.196
MinimumVisualStudioVersion = 10.0.40219.1
Project("{FAE04EC0-301F-11D3-BF4B-00C04F79EFBC}") = "GridTutorial.Android", "GridTutorial\GridTutorial.Android\GridTutorial.Android.csproj", "{DB569E49-8EB8-4F91-BAF3-CB11DCED6C60}"
EndProject
Project("{FAE04EC0-301F-11D3-BF4B-00C04F79EFBC}") = "GridTutorial.iOS", "GridTutorial\GridTutorial.iOS\GridTutorial.iOS.csproj", "{84509C06-F7FC-4F9D-9B9D-0961B6AFBD72}"
EndProject
Project("{FAE04EC0-301F-11D3-BF4B-00C04F79EFBC}") = "GridTutorial", "GridTutorial\GridTutorial\GridTutorial.csproj", "{53B4AEF4-EC15-4025-B454-DBCC8CA3A24A}"
EndProject
Global
	GlobalSection(SolutionConfigurationPlatforms) = preSolution
		Debug|Any CPU = Debug|Any CPU
		Debug|iPhone = Debug|iPhone
		Debug|iPhoneSimulator = Debug|iPhoneSimulator
		Release|Any CPU = Release|Any CPU
		Release|iPhone = Release|iPhone
		Release|iPhoneSimulator = Release|iPhoneSimulator
	EndGlobalSection
	GlobalSection(ProjectConfigurationPlatforms) = postSolution
		{DB569E49-8EB8-4F91-BAF3-CB11DCED6C60}.Debug|Any CPU.ActiveCfg = Debug|Any CPU
		{DB569E49-8EB8-4F91-BAF3-CB11DCED6C60}.Debug|Any CPU.Build.0 = Debug|Any CPU
		{DB569E49-8EB8-4F91-BAF3-CB11DCED6C60}.Debug|Any CPU.Deploy.0 = Debug|Any CPU
		{DB569E49-8EB8-4F91-BAF3-CB11DCED6C60}.Debug|iPhone.ActiveCfg = Debug|Any CPU
		{DB569E49-8EB8-4F91-BAF3-CB11DCED6C60}.Debug|iPhone.Build.0 = Debug|Any CPU
		{DB569E49-8EB8-4F91-BAF3-CB11DCED6C60}.Debug|iPhone.Deploy.0 = Debug|Any CPU
		{DB569E49-8EB8-4F91-BAF3-CB11DCED6C60}.Debug|iPhoneSimulator.ActiveCfg = Debug|Any CPU
		{DB569E49-8EB8-4F91-BAF3-CB11DCED6C60}.Debug|iPhoneSimulator.Build.0 = Debug|Any CPU
		{DB569E49-8EB8-4F91-BAF3-CB11DCED6C60}.Debug|iPhoneSimulator.Deploy.0 = Debug|Any CPU
		{DB569E49-8EB8-4F91-BAF3-CB11DCED6C60}.Release|Any CPU.ActiveCfg = Release|Any CPU
		{DB569E49-8EB8-4F91-BAF3-CB11DCED6C60}.Release|Any CPU.Build.0 = Release|Any CPU
		{DB569E49-8EB8-4F91-BAF3-CB11DCED6C60}.Release|Any CPU.Deploy.0 = Release|Any CPU
		{DB569E49-8EB8-4F91-BAF3-CB11DCED6C60}.Release|iPhone.ActiveCfg = Release|Any CPU
		{DB569E49-8EB8-4F91-BAF3-CB11DCED6C60}.Release|iPhone.Build.0 = Release|Any CPU
		{DB569E49-8EB8-4F91-BAF3-CB11DCED6C60}.Release|iPhone.Deploy.0 = Release|Any CPU
		{DB569E49-8EB8-4F91-BAF3-CB11DCED6C60}.Release|iPhoneSimulator.ActiveCfg = Release|Any CPU
		{DB569E49-8EB8-4F91-BAF3-CB11DCED6C60}.Release|iPhoneSimulator.Build.0 = Release|Any CPU
		{DB569E49-8EB8-4F91-BAF3-CB11DCED6C60}.Release|iPhoneSimulator.Deploy.0 = Release|Any CPU
		{84509C06-F7FC-4F9D-9B9D-0961B6AFBD72}.Debug|Any CPU.ActiveCfg = Debug|iPhone
		{84509C06-F7FC-4F9D-9B9D-0961B6AFBD72}.Debug|Any CPU.Build.0 = Debug|iPhone
		{84509C06-F7FC-4F9D-9B9D-0961B6AFBD72}.Debug|Any CPU.Deploy.0 = Debug|iPhone
		{84509C06-F7FC-4F9D-9B9D-0961B6AFBD72}.Debug|iPhone.ActiveCfg = Debug|iPhone
		{84509C06-F7FC-4F9D-9B9D-0961B6AFBD72}.Debug|iPhone.Build.0 = Debug|iPhone
		{84509C06-F7FC-4F9D-9B9D-0961B6AFBD72}.Debug|iPhone.Deploy.0 = Debug|iPhone
		{84509C06-F7FC-4F9D-9B9D-0961B6AFBD72}.Debug|iPhoneSimulator.ActiveCfg = Debug|iPhoneSimulator
		{84509C06-F7FC-4F9D-9B9D-0961B6AFBD72}.Debug|iPhoneSimulator.Build.0 = Debug|iPhoneSimulator
		{84509C06-F7FC-4F9D-9B9D-0961B6AFBD72}.Debug|iPhoneSimulator.Deploy.0 = Debug|iPhoneSimulator
		{84509C06-F7FC-4F9D-9B9D-0961B6AFBD72}.Release|Any CPU.ActiveCfg = Release|iPhoneSimulator
		{84509C06-F7FC-4F9D-9B9D-0961B6AFBD72}.Release|Any CPU.Build.0 = Release|iPhoneSimulator
		{84509C06-F7FC-4F9D-9B9D-0961B6AFBD72}.Release|Any CPU.Deploy.0 = Release|iPhoneSimulator
		{84509C06-F7FC-4F9D-9B9D-0961B6AFBD72}.Release|iPhone.ActiveCfg = Release|iPhone
		{84509C06-F7FC-4F9D-9B9D-0961B6AFBD72}.Release|iPhone.Build.0 = Release|iPhone
		{84509C06-F7FC-4F9D-9B9D-0961B6AFBD72}.Release|iPhone.Deploy.0 = Release|iPhone
		{84509C06-F7FC-4F9D-9B9D-0961B6AFBD72}.Release|iPhoneSimulator.ActiveCfg = Release|iPhoneSimulator
		{84509C06-F7FC-4F9D-9B9D-0961B6AFBD72}.Release|iPhoneSimulator.Build.0 = Release|iPhoneSimulator
		{84509C06-F7FC-4F9D-9B9D-0961B6AFBD72}.Release|iPhoneSimulator.Deploy.0 = Release|iPhoneSimulator
		{53B4AEF4-EC15-4025-B454-DBCC8CA3A24A}.Debug|Any CPU.ActiveCfg = Debug|Any CPU
		{53B4AEF4-EC15-4025-B454-DBCC8CA3A24A}.Debug|Any CPU.Build.0 = Debug|Any CPU
		{53B4AEF4-EC15-4025-B454-DBCC8CA3A24A}.Debug|Any CPU.Deploy.0 = Debug|Any CPU
		{53B4AEF4-EC15-4025-B454-DBCC8CA3A24A}.Debug|iPhone.ActiveCfg = Debug|Any CPU
		{53B4AEF4-EC15-4025-B454-DBCC8CA3A24A}.Debug|iPhone.Build.0 = Debug|Any CPU
		{53B4AEF4-EC15-4025-B454-DBCC8CA3A24A}.Debug|iPhone.Deploy.0 = Debug|Any CPU
		{53B4AEF4-EC15-4025-B454-DBCC8CA3A24A}.Debug|iPhoneSimulator.ActiveCfg = Debug|Any CPU
		{53B4AEF4-EC15-4025-B454-DBCC8CA3A24A}.Debug|iPhoneSimulator.Build.0 = Debug|Any CPU
		{53B4AEF4-EC15-4025-B454-DBCC8CA3A24A}.Debug|iPhoneSimulator.Deploy.0 = Debug|Any CPU
		{53B4AEF4-EC15-4025-B454-DBCC8CA3A24A}.Release|Any CPU.ActiveCfg = Release|Any CPU
		{53B4AEF4-EC15-4025-B454-DBCC8CA3A24A}.Release|Any CPU.Build.0 = Release|Any CPU
		{53B4AEF4-EC15-4025-B454-DBCC8CA3A24A}.Release|Any CPU.Deploy.0 = Release|Any CPU
		{53B4AEF4-EC15-4025-B454-DBCC8CA3A24A}.Release|iPhone.ActiveCfg = Release|Any CPU
		{53B4AEF4-EC15-4025-B454-DBCC8CA3A24A}.Release|iPhone.Build.0 = Release|Any CPU
		{53B4AEF4-EC15-4025-B454-DBCC8CA3A24A}.Release|iPhone.Deploy.0 = Release|Any CPU
		{53B4AEF4-EC15-4025-B454-DBCC8CA3A24A}.Release|iPhoneSimulator.ActiveCfg = Release|Any CPU
		{53B4AEF4-EC15-4025-B454-DBCC8CA3A24A}.Release|iPhoneSimulator.Build.0 = Release|Any CPU
		{53B4AEF4-EC15-4025-B454-DBCC8CA3A24A}.Release|iPhoneSimulator.Deploy.0 = Release|Any CPU
	EndGlobalSection
	GlobalSection(SolutionProperties) = preSolution
		HideSolutionNode = FALSE
	EndGlobalSection
	GlobalSection(ExtensibilityGlobals) = postSolution
		SolutionGuid = {C0B4BE51-F6FB-4974-B4D1-CD1C7934C413}
	EndGlobalSection
EndGlobal
